
Microsoft Visual Studio Solution File, Format Version 12.00
# Visual Studio Version 16
VisualStudioVersion = 16.0.31613.86
MinimumVisualStudioVersion = 10.0.40219.1
Project("{FAE04EC0-301F-11D3-BF4B-00C04F79EFBC}") = "StringCalculator", "StringCalculator.csproj", "{121D8023-4D4C-4349-984B-279C030A8C63}"
EndProject
Project("{FAE04EC0-301F-11D3-BF4B-00C04F79EFBC}") = "StringCalculatorTest", "..\StringCalculatorTest\StringCalculatorTest.csproj", "{BE2DCBFB-EC8F-4CAE-97F9-C83DCAFA3915}"
EndProject
Global
	GlobalSection(SolutionConfigurationPlatforms) = preSolution
		Debug|Any CPU = Debug|Any CPU
		Release|Any CPU = Release|Any CPU
	EndGlobalSection
	GlobalSection(ProjectConfigurationPlatforms) = postSolution
		{121D8023-4D4C-4349-984B-279C030A8C63}.Debug|Any CPU.ActiveCfg = Debug|Any CPU
		{121D8023-4D4C-4349-984B-279C030A8C63}.Debug|Any CPU.Build.0 = Debug|Any CPU
		{121D8023-4D4C-4349-984B-279C030A8C63}.Release|Any CPU.ActiveCfg = Release|Any CPU
		{121D8023-4D4C-4349-984B-279C030A8C63}.Release|Any CPU.Build.0 = Release|Any CPU
		{BE2DCBFB-EC8F-4CAE-97F9-C83DCAFA3915}.Debug|Any CPU.ActiveCfg = Debug|Any CPU
		{BE2DCBFB-EC8F-4CAE-97F9-C83DCAFA3915}.Debug|Any CPU.Build.0 = Debug|Any CPU
		{BE2DCBFB-EC8F-4CAE-97F9-C83DCAFA3915}.Release|Any CPU.ActiveCfg = Release|Any CPU
		{BE2DCBFB-EC8F-4CAE-97F9-C83DCAFA3915}.Release|Any CPU.Build.0 = Release|Any CPU
	EndGlobalSection
	GlobalSection(SolutionProperties) = preSolution
		HideSolutionNode = FALSE
	EndGlobalSection
	GlobalSection(ExtensibilityGlobals) = postSolution
		SolutionGuid = {481883C8-44E5-464B-9A2D-3ABABCC00BD1}
	EndGlobalSection
EndGlobal
